// !$*UTF8*$!
{
	archiveVersion = 1;
	classes = {
	};
	objectVersion = 50;
	objects = {

/* Begin PBXBuildFile section */
		11C7104E25CF4DD100019EC6 /* AppDelegate.swift in Sources */ = {isa = PBXBuildFile; fileRef = 11C7104D25CF4DD100019EC6 /* AppDelegate.swift */; };
		11C7105025CF4DD100019EC6 /* SceneDelegate.swift in Sources */ = {isa = PBXBuildFile; fileRef = 11C7104F25CF4DD100019EC6 /* SceneDelegate.swift */; };
		11C7105225CF4DD100019EC6 /* WhaleCollectionController.swift in Sources */ = {isa = PBXBuildFile; fileRef = 11C7105125CF4DD100019EC6 /* WhaleCollectionController.swift */; };
		11C7105525CF4DD100019EC6 /* Main.storyboard in Resources */ = {isa = PBXBuildFile; fileRef = 11C7105325CF4DD100019EC6 /* Main.storyboard */; };
		11C7105725CF4DD200019EC6 /* Assets.xcassets in Resources */ = {isa = PBXBuildFile; fileRef = 11C7105625CF4DD200019EC6 /* Assets.xcassets */; };
		11C7105A25CF4DD200019EC6 /* LaunchScreen.storyboard in Resources */ = {isa = PBXBuildFile; fileRef = 11C7105825CF4DD200019EC6 /* LaunchScreen.storyboard */; };
		11C7106525CF501300019EC6 /* NetworkManager.swift in Sources */ = {isa = PBXBuildFile; fileRef = 11C7106425CF501300019EC6 /* NetworkManager.swift */; };
		11C7106925CF506C00019EC6 /* Fetcher.swift in Sources */ = {isa = PBXBuildFile; fileRef = 11C7106825CF506C00019EC6 /* Fetcher.swift */; };
		11C7107225CF50C000019EC6 /* WhaleURLs.swift in Sources */ = {isa = PBXBuildFile; fileRef = 11C7107125CF50C000019EC6 /* WhaleURLs.swift */; };
		11C7107725CF51A800019EC6 /* WhaleCell.swift in Sources */ = {isa = PBXBuildFile; fileRef = 11C7107625CF51A800019EC6 /* WhaleCell.swift */; };
		11C7107B25CF9DE800019EC6 /* Whale.swift in Sources */ = {isa = PBXBuildFile; fileRef = 11C7107A25CF9DE800019EC6 /* Whale.swift */; };
/* End PBXBuildFile section */

/* Begin PBXFileReference section */
		11C7104A25CF4DD100019EC6 /* WhaleApp.app */ = {isa = PBXFileReference; explicitFileType = wrapper.application; includeInIndex = 0; path = WhaleApp.app; sourceTree = BUILT_PRODUCTS_DIR; };
		11C7104D25CF4DD100019EC6 /* AppDelegate.swift */ = {isa = PBXFileReference; lastKnownFileType = sourcecode.swift; path = AppDelegate.swift; sourceTree = "<group>"; };
		11C7104F25CF4DD100019EC6 /* SceneDelegate.swift */ = {isa = PBXFileReference; lastKnownFileType = sourcecode.swift; path = SceneDelegate.swift; sourceTree = "<group>"; };
		11C7105125CF4DD100019EC6 /* WhaleCollectionController.swift */ = {isa = PBXFileReference; lastKnownFileType = sourcecode.swift; path = WhaleCollectionController.swift; sourceTree = "<group>"; };
		11C7105425CF4DD100019EC6 /* Base */ = {isa = PBXFileReference; lastKnownFileType = file.storyboard; name = Base; path = Base.lproj/Main.storyboard; sourceTree = "<group>"; };
		11C7105625CF4DD200019EC6 /* Assets.xcassets */ = {isa = PBXFileReference; lastKnownFileType = folder.assetcatalog; path = Assets.xcassets; sourceTree = "<group>"; };
		11C7105925CF4DD200019EC6 /* Base */ = {isa = PBXFileReference; lastKnownFileType = file.storyboard; name = Base; path = Base.lproj/LaunchScreen.storyboard; sourceTree = "<group>"; };
		11C7105B25CF4DD200019EC6 /* Info.plist */ = {isa = PBXFileReference; lastKnownFileType = text.plist.xml; path = Info.plist; sourceTree = "<group>"; };
		11C7106425CF501300019EC6 /* NetworkManager.swift */ = {isa = PBXFileReference; lastKnownFileType = sourcecode.swift; path = NetworkManager.swift; sourceTree = "<group>"; };
		11C7106825CF506C00019EC6 /* Fetcher.swift */ = {isa = PBXFileReference; lastKnownFileType = sourcecode.swift; path = Fetcher.swift; sourceTree = "<group>"; };
		11C7107125CF50C000019EC6 /* WhaleURLs.swift */ = {isa = PBXFileReference; lastKnownFileType = sourcecode.swift; path = WhaleURLs.swift; sourceTree = "<group>"; };
		11C7107625CF51A800019EC6 /* WhaleCell.swift */ = {isa = PBXFileReference; lastKnownFileType = sourcecode.swift; path = WhaleCell.swift; sourceTree = "<group>"; };
		11C7107A25CF9DE800019EC6 /* Whale.swift */ = {isa = PBXFileReference; lastKnownFileType = sourcecode.swift; path = Whale.swift; sourceTree = "<group>"; };
/* End PBXFileReference section */

/* Begin PBXFrameworksBuildPhase section */
		11C7104725CF4DD100019EC6 /* Frameworks */ = {
			isa = PBXFrameworksBuildPhase;
			buildActionMask = 2147483647;
			files = (
			);
			runOnlyForDeploymentPostprocessing = 0;
		};
/* End PBXFrameworksBuildPhase section */

/* Begin PBXGroup section */
		11C7104125CF4DD100019EC6 = {
			isa = PBXGroup;
			children = (
				11C7104C25CF4DD100019EC6 /* WhaleApp */,
				11C7104B25CF4DD100019EC6 /* Products */,
			);
			sourceTree = "<group>";
		};
		11C7104B25CF4DD100019EC6 /* Products */ = {
			isa = PBXGroup;
			children = (
				11C7104A25CF4DD100019EC6 /* WhaleApp.app */,
			);
			name = Products;
			sourceTree = "<group>";
		};
		11C7104C25CF4DD100019EC6 /* WhaleApp */ = {
			isa = PBXGroup;
			children = (
				11C7107525CF518C00019EC6 /* Custome Cells */,
				11C7107025CF50A500019EC6 /* Enumerations */,
				11C7106725CF505A00019EC6 /* Protocols */,
				11C7106325CF4FEA00019EC6 /* NetworkManager */,
				11C7104D25CF4DD100019EC6 /* AppDelegate.swift */,
				11C7104F25CF4DD100019EC6 /* SceneDelegate.swift */,
				11C7105125CF4DD100019EC6 /* WhaleCollectionController.swift */,
				11C7105325CF4DD100019EC6 /* Main.storyboard */,
				11C7105625CF4DD200019EC6 /* Assets.xcassets */,
				11C7105825CF4DD200019EC6 /* LaunchScreen.storyboard */,
				11C7105B25CF4DD200019EC6 /* Info.plist */,
				11C7107A25CF9DE800019EC6 /* Whale.swift */,
			);
			path = WhaleApp;
			sourceTree = "<group>";
		};
		11C7106325CF4FEA00019EC6 /* NetworkManager */ = {
			isa = PBXGroup;
			children = (
				11C7106425CF501300019EC6 /* NetworkManager.swift */,
			);
			path = NetworkManager;
			sourceTree = "<group>";
		};
		11C7106725CF505A00019EC6 /* Protocols */ = {
			isa = PBXGroup;
			children = (
				11C7106825CF506C00019EC6 /* Fetcher.swift */,
			);
			path = Protocols;
			sourceTree = "<group>";
		};
		11C7107025CF50A500019EC6 /* Enumerations */ = {
			isa = PBXGroup;
			children = (
				11C7107125CF50C000019EC6 /* WhaleURLs.swift */,
			);
			path = Enumerations;
			sourceTree = "<group>";
		};
		11C7107525CF518C00019EC6 /* Custome Cells */ = {
			isa = PBXGroup;
			children = (
				11C7107625CF51A800019EC6 /* WhaleCell.swift */,
			);
			path = "Custome Cells";
			sourceTree = "<group>";
		};
/* End PBXGroup section */

/* Begin PBXNativeTarget section */
		11C7104925CF4DD100019EC6 /* WhaleApp */ = {
			isa = PBXNativeTarget;
			buildConfigurationList = 11C7105E25CF4DD200019EC6 /* Build configuration list for PBXNativeTarget "WhaleApp" */;
			buildPhases = (
				11C7104625CF4DD100019EC6 /* Sources */,
				11C7104725CF4DD100019EC6 /* Frameworks */,
				11C7104825CF4DD100019EC6 /* Resources */,
			);
			buildRules = (
			);
			dependencies = (
			);
			name = WhaleApp;
			productName = WhaleApp;
			productReference = 11C7104A25CF4DD100019EC6 /* WhaleApp.app */;
			productType = "com.apple.product-type.application";
		};
/* End PBXNativeTarget section */

/* Begin PBXProject section */
		11C7104225CF4DD100019EC6 /* Project object */ = {
			isa = PBXProject;
			attributes = {
				LastSwiftUpdateCheck = 1240;
				LastUpgradeCheck = 1240;
				TargetAttributes = {
					11C7104925CF4DD100019EC6 = {
						CreatedOnToolsVersion = 12.4;
					};
				};
			};
			buildConfigurationList = 11C7104525CF4DD100019EC6 /* Build configuration list for PBXProject "WhaleApp" */;
			compatibilityVersion = "Xcode 9.3";
			developmentRegion = en;
			hasScannedForEncodings = 0;
			knownRegions = (
				en,
				Base,
			);
			mainGroup = 11C7104125CF4DD100019EC6;
			productRefGroup = 11C7104B25CF4DD100019EC6 /* Products */;
			projectDirPath = "";
			projectRoot = "";
			targets = (
				11C7104925CF4DD100019EC6 /* WhaleApp */,
			);
		};
/* End PBXProject section */

/* Begin PBXResourcesBuildPhase section */
		11C7104825CF4DD100019EC6 /* Resources */ = {
			isa = PBXResourcesBuildPhase;
			buildActionMask = 2147483647;
			files = (
				11C7105A25CF4DD200019EC6 /* LaunchScreen.storyboard in Resources */,
				11C7105725CF4DD200019EC6 /* Assets.xcassets in Resources */,
				11C7105525CF4DD100019EC6 /* Main.storyboard in Resources */,
			);
			runOnlyForDeploymentPostprocessing = 0;
		};
/* End PBXResourcesBuildPhase section */

/* Begin PBXSourcesBuildPhase section */
		11C7104625CF4DD100019EC6 /* Sources */ = {
			isa = PBXSourcesBuildPhase;
			buildActionMask = 2147483647;
			files = (
				11C7106525CF501300019EC6 /* NetworkManager.swift in Sources */,
				11C7105225CF4DD100019EC6 /* WhaleCollectionController.swift in Sources */,
				11C7104E25CF4DD100019EC6 /* AppDelegate.swift in Sources */,
				11C7107725CF51A800019EC6 /* WhaleCell.swift in Sources */,
				11C7107225CF50C000019EC6 /* WhaleURLs.swift in Sources */,
				11C7107B25CF9DE800019EC6 /* Whale.swift in Sources */,
				11C7106925CF506C00019EC6 /* Fetcher.swift in Sources */,
				11C7105025CF4DD100019EC6 /* SceneDelegate.swift in Sources */,
			);
			runOnlyForDeploymentPostprocessing = 0;
		};
/* End PBXSourcesBuildPhase section */

/* Begin PBXVariantGroup section */
		11C7105325CF4DD100019EC6 /* Main.storyboard */ = {
			isa = PBXVariantGroup;
			children = (
				11C7105425CF4DD100019EC6 /* Base */,
			);
			name = Main.storyboard;
			sourceTree = "<group>";
		};
		11C7105825CF4DD200019EC6 /* LaunchScreen.storyboard */ = {
			isa = PBXVariantGroup;
			children = (
				11C7105925CF4DD200019EC6 /* Base */,
			);
			name = LaunchScreen.storyboard;
			sourceTree = "<group>";
		};
/* End PBXVariantGroup section */

/* Begin XCBuildConfiguration section */
		11C7105C25CF4DD200019EC6 /* Debug */ = {
			isa = XCBuildConfiguration;
			buildSettings = {
				ALWAYS_SEARCH_USER_PATHS = NO;
				CLANG_ANALYZER_NONNULL = YES;
				CLANG_ANALYZER_NUMBER_OBJECT_CONVERSION = YES_AGGRESSIVE;
				CLANG_CXX_LANGUAGE_STANDARD = "gnu++14";
				CLANG_CXX_LIBRARY = "libc++";
				CLANG_ENABLE_MODULES = YES;
				CLANG_ENABLE_OBJC_ARC = YES;
				CLANG_ENABLE_OBJC_WEAK = YES;
				CLANG_WARN_BLOCK_CAPTURE_AUTORELEASING = YES;
				CLANG_WARN_BOOL_CONVERSION = YES;
				CLANG_WARN_COMMA = YES;
				CLANG_WARN_CONSTANT_CONVERSION = YES;
				CLANG_WARN_DEPRECATED_OBJC_IMPLEMENTATIONS = YES;
				CLANG_WARN_DIRECT_OBJC_ISA_USAGE = YES_ERROR;
				CLANG_WARN_DOCUMENTATION_COMMENTS = YES;
				CLANG_WARN_EMPTY_BODY = YES;
				CLANG_WARN_ENUM_CONVERSION = YES;
				CLANG_WARN_INFINITE_RECURSION = YES;
				CLANG_WARN_INT_CONVERSION = YES;
				CLANG_WARN_NON_LITERAL_NULL_CONVERSION = YES;
				CLANG_WARN_OBJC_IMPLICIT_RETAIN_SELF = YES;
				CLANG_WARN_OBJC_LITERAL_CONVERSION = YES;
				CLANG_WARN_OBJC_ROOT_CLASS = YES_ERROR;
				CLANG_WARN_QUOTED_INCLUDE_IN_FRAMEWORK_HEADER = YES;
				CLANG_WARN_RANGE_LOOP_ANALYSIS = YES;
				CLANG_WARN_STRICT_PROTOTYPES = YES;
				CLANG_WARN_SUSPICIOUS_MOVE = YES;
				CLANG_WARN_UNGUARDED_AVAILABILITY = YES_AGGRESSIVE;
				CLANG_WARN_UNREACHABLE_CODE = YES;
				CLANG_WARN__DUPLICATE_METHOD_MATCH = YES;
				COPY_PHASE_STRIP = NO;
				DEBUG_INFORMATION_FORMAT = dwarf;
				ENABLE_STRICT_OBJC_MSGSEND = YES;
				ENABLE_TESTABILITY = YES;
				GCC_C_LANGUAGE_STANDARD = gnu11;
				GCC_DYNAMIC_NO_PIC = NO;
				GCC_NO_COMMON_BLOCKS = YES;
				GCC_OPTIMIZATION_LEVEL = 0;
				GCC_PREPROCESSOR_DEFINITIONS = (
					"DEBUG=1",
					"$(inherited)",
				);
				GCC_WARN_64_TO_32_BIT_CONVERSION = YES;
				GCC_WARN_ABOUT_RETURN_TYPE = YES_ERROR;
				GCC_WARN_UNDECLARED_SELECTOR = YES;
				GCC_WARN_UNINITIALIZED_AUTOS = YES_AGGRESSIVE;
				GCC_WARN_UNUSED_FUNCTION = YES;
				GCC_WARN_UNUSED_VARIABLE = YES;
				IPHONEOS_DEPLOYMENT_TARGET = 14.4;
				MTL_ENABLE_DEBUG_INFO = INCLUDE_SOURCE;
				MTL_FAST_MATH = YES;
				ONLY_ACTIVE_ARCH = YES;
				SDKROOT = iphoneos;
				SWIFT_ACTIVE_COMPILATION_CONDITIONS = DEBUG;
				SWIFT_OPTIMIZATION_LEVEL = "-Onone";
			};
			name = Debug;
		};
		11C7105D25CF4DD200019EC6 /* Release */ = {
			isa = XCBuildConfiguration;
			buildSettings = {
				ALWAYS_SEARCH_USER_PATHS = NO;
				CLANG_ANALYZER_NONNULL = YES;
				CLANG_ANALYZER_NUMBER_OBJECT_CONVERSION = YES_AGGRESSIVE;
				CLANG_CXX_LANGUAGE_STANDARD = "gnu++14";
				CLANG_CXX_LIBRARY = "libc++";
				CLANG_ENABLE_MODULES = YES;
				CLANG_ENABLE_OBJC_ARC = YES;
				CLANG_ENABLE_OBJC_WEAK = YES;
				CLANG_WARN_BLOCK_CAPTURE_AUTORELEASING = YES;
				CLANG_WARN_BOOL_CONVERSION = YES;
				CLANG_WARN_COMMA = YES;
				CLANG_WARN_CONSTANT_CONVERSION = YES;
				CLANG_WARN_DEPRECATED_OBJC_IMPLEMENTATIONS = YES;
				CLANG_WARN_DIRECT_OBJC_ISA_USAGE = YES_ERROR;
				CLANG_WARN_DOCUMENTATION_COMMENTS = YES;
				CLANG_WARN_EMPTY_BODY = YES;
				CLANG_WARN_ENUM_CONVERSION = YES;
				CLANG_WARN_INFINITE_RECURSION = YES;
				CLANG_WARN_INT_CONVERSION = YES;
				CLANG_WARN_NON_LITERAL_NULL_CONVERSION = YES;
				CLANG_WARN_OBJC_IMPLICIT_RETAIN_SELF = YES;
				CLANG_WARN_OBJC_LITERAL_CONVERSION = YES;
				CLANG_WARN_OBJC_ROOT_CLASS = YES_ERROR;
				CLANG_WARN_QUOTED_INCLUDE_IN_FRAMEWORK_HEADER = YES;
				CLANG_WARN_RANGE_LOOP_ANALYSIS = YES;
				CLANG_WARN_STRICT_PROTOTYPES = YES;
				CLANG_WARN_SUSPICIOUS_MOVE = YES;
				CLANG_WARN_UNGUARDED_AVAILABILITY = YES_AGGRESSIVE;
				CLANG_WARN_UNREACHABLE_CODE = YES;
				CLANG_WARN__DUPLICATE_METHOD_MATCH = YES;
				COPY_PHASE_STRIP = NO;
				DEBUG_INFORMATION_FORMAT = "dwarf-with-dsym";
				ENABLE_NS_ASSERTIONS = NO;
				ENABLE_STRICT_OBJC_MSGSEND = YES;
				GCC_C_LANGUAGE_STANDARD = gnu11;
				GCC_NO_COMMON_BLOCKS = YES;
				GCC_WARN_64_TO_32_BIT_CONVERSION = YES;
				GCC_WARN_ABOUT_RETURN_TYPE = YES_ERROR;
				GCC_WARN_UNDECLARED_SELECTOR = YES;
				GCC_WARN_UNINITIALIZED_AUTOS = YES_AGGRESSIVE;
				GCC_WARN_UNUSED_FUNCTION = YES;
				GCC_WARN_UNUSED_VARIABLE = YES;
				IPHONEOS_DEPLOYMENT_TARGET = 14.4;
				MTL_ENABLE_DEBUG_INFO = NO;
				MTL_FAST_MATH = YES;
				SDKROOT = iphoneos;
				SWIFT_COMPILATION_MODE = wholemodule;
				SWIFT_OPTIMIZATION_LEVEL = "-O";
				VALIDATE_PRODUCT = YES;
			};
			name = Release;
		};
		11C7105F25CF4DD200019EC6 /* Debug */ = {
			isa = XCBuildConfiguration;
			buildSettings = {
				ASSETCATALOG_COMPILER_APPICON_NAME = AppIcon;
				ASSETCATALOG_COMPILER_GLOBAL_ACCENT_COLOR_NAME = AccentColor;
				CODE_SIGN_STYLE = Automatic;
				DEVELOPMENT_TEAM = S4LHGXBCB7;
				INFOPLIST_FILE = WhaleApp/Info.plist;
				LD_RUNPATH_SEARCH_PATHS = (
					"$(inherited)",
					"@executable_path/Frameworks",
				);
				PRODUCT_BUNDLE_IDENTIFIER = FiveSixTwo.WhaleApp;
				PRODUCT_NAME = "$(TARGET_NAME)";
				SWIFT_VERSION = 5.0;
				TARGETED_DEVICE_FAMILY = "1,2";
			};
			name = Debug;
		};
		11C7106025CF4DD200019EC6 /* Release */ = {
			isa = XCBuildConfiguration;
			buildSettings = {
				ASSETCATALOG_COMPILER_APPICON_NAME = AppIcon;
				ASSETCATALOG_COMPILER_GLOBAL_ACCENT_COLOR_NAME = AccentColor;
				CODE_SIGN_STYLE = Automatic;
				DEVELOPMENT_TEAM = S4LHGXBCB7;
				INFOPLIST_FILE = WhaleApp/Info.plist;
				LD_RUNPATH_SEARCH_PATHS = (
					"$(inherited)",
					"@executable_path/Frameworks",
				);
				PRODUCT_BUNDLE_IDENTIFIER = FiveSixTwo.WhaleApp;
				PRODUCT_NAME = "$(TARGET_NAME)";
				SWIFT_VERSION = 5.0;
				TARGETED_DEVICE_FAMILY = "1,2";
			};
			name = Release;
		};
/* End XCBuildConfiguration section */

/* Begin XCConfigurationList section */
		11C7104525CF4DD100019EC6 /* Build configuration list for PBXProject "WhaleApp" */ = {
			isa = XCConfigurationList;
			buildConfigurations = (
				11C7105C25CF4DD200019EC6 /* Debug */,
				11C7105D25CF4DD200019EC6 /* Release */,
			);
			defaultConfigurationIsVisible = 0;
			defaultConfigurationName = Release;
		};
		11C7105E25CF4DD200019EC6 /* Build configuration list for PBXNativeTarget "WhaleApp" */ = {
			isa = XCConfigurationList;
			buildConfigurations = (
				11C7105F25CF4DD200019EC6 /* Debug */,
				11C7106025CF4DD200019EC6 /* Release */,
			);
			defaultConfigurationIsVisible = 0;
			defaultConfigurationName = Release;
		};
/* End XCConfigurationList section */
	};
	rootObject = 11C7104225CF4DD100019EC6 /* Project object */;
}
